lockfileVersion: '9.0'

settings:
  autoInstallPeers: true
  excludeLinksFromLockfile: false

importers:

  .:
    devDependencies:
      '@webgpu/types':
        specifier: ^0.1.70
        version: 0.1.70
      typescript:
        specifier: ^6.0.3
        version: 6.0.3

packages:

  '@webgpu/types@0.1.70':
    resolution: {integrity: sha512-LFiNHHKMvmAEvwVew3JLJmTdShhbdwRFSImUshGhE2mGE8ybQzIo63l5uRp+YKnNx+8Qno8Kf6gN+DKMreIJCA==}

  typescript@6.0.3:
    resolution: {integrity: sha512-y2TvuxSZPDyQakkFRPZHKFm+KKVqIisdg9/CZwm9ftvKXLP8NRWj38/ODjNbr43SsoXqNuAisEf1GdCxqWcdBw==}
    engines: {node: '>=14.17'}
    hasBin: true

snapshots:

  '@webgpu/types@0.1.70': {}

  typescript@6.0.3: {}
